
Microsoft Visual Studio Solution File, Format Version 12.00
# Visual Studio 14
VisualStudioVersion = 14.0.25420.1
MinimumVisualStudioVersion = 10.0.40219.1
Project("{FAE04EC0-301F-11D3-BF4B-00C04F79EFBC}") = "TestExrinApp.Android", "TestExrinApp.Android\TestExrinApp.Android.csproj", "{C8E577F2-D164-4F8A-9943-A7A3461A78AB}"
EndProject
Project("{FAE04EC0-301F-11D3-BF4B-00C04F79EFBC}") = "TestExrinApp", "TestExrinApp\TestExrinApp.csproj", "{893C37F3-9369-4E6C-A359-88C9068BB95E}"
EndProject
Project("{FAE04EC0-301F-11D3-BF4B-00C04F79EFBC}") = "TestExrinApp.iOS", "TestExrinApp.iOS\TestExrinApp.iOS.csproj", "{F7605B40-204B-4586-B31F-218569ABCC52}"
EndProject
Global
	GlobalSection(SolutionConfigurationPlatforms) = preSolution
		Ad-Hoc|Any CPU = Ad-Hoc|Any CPU
		Ad-Hoc|iPhone = Ad-Hoc|iPhone
		Ad-Hoc|iPhoneSimulator = Ad-Hoc|iPhoneSimulator
		AppStore|Any CPU = AppStore|Any CPU
		AppStore|iPhone = AppStore|iPhone
		AppStore|iPhoneSimulator = AppStore|iPhoneSimulator
		Debug|Any CPU = Debug|Any CPU
		Debug|iPhone = Debug|iPhone
		Debug|iPhoneSimulator = Debug|iPhoneSimulator
		Release|Any CPU = Release|Any CPU
		Release|iPhone = Release|iPhone
		Release|iPhoneSimulator = Release|iPhoneSimulator
	EndGlobalSection
	GlobalSection(ProjectConfigurationPlatforms) = postSolution
		{C8E577F2-D164-4F8A-9943-A7A3461A78AB}.Ad-Hoc|Any CPU.ActiveCfg = Release|Any CPU
		{C8E577F2-D164-4F8A-9943-A7A3461A78AB}.Ad-Hoc|Any CPU.Build.0 = Release|Any CPU
		{C8E577F2-D164-4F8A-9943-A7A3461A78AB}.Ad-Hoc|Any CPU.Deploy.0 = Release|Any CPU
		{C8E577F2-D164-4F8A-9943-A7A3461A78AB}.Ad-Hoc|iPhone.ActiveCfg = Release|Any CPU
		{C8E577F2-D164-4F8A-9943-A7A3461A78AB}.Ad-Hoc|iPhone.Build.0 = Release|Any CPU
		{C8E577F2-D164-4F8A-9943-A7A3461A78AB}.Ad-Hoc|iPhone.Deploy.0 = Release|Any CPU
		{C8E577F2-D164-4F8A-9943-A7A3461A78AB}.Ad-Hoc|iPhoneSimulator.ActiveCfg = Release|Any CPU
		{C8E577F2-D164-4F8A-9943-A7A3461A78AB}.Ad-Hoc|iPhoneSimulator.Build.0 = Release|Any CPU
		{C8E577F2-D164-4F8A-9943-A7A3461A78AB}.Ad-Hoc|iPhoneSimulator.Deploy.0 = Release|Any CPU
		{C8E577F2-D164-4F8A-9943-A7A3461A78AB}.AppStore|Any CPU.ActiveCfg = Release|Any CPU
		{C8E577F2-D164-4F8A-9943-A7A3461A78AB}.AppStore|Any CPU.Build.0 = Release|Any CPU
		{C8E577F2-D164-4F8A-9943-A7A3461A78AB}.AppStore|Any CPU.Deploy.0 = Release|Any CPU
		{C8E577F2-D164-4F8A-9943-A7A3461A78AB}.AppStore|iPhone.ActiveCfg = Release|Any CPU
		{C8E577F2-D164-4F8A-9943-A7A3461A78AB}.AppStore|iPhone.Build.0 = Release|Any CPU
		{C8E577F2-D164-4F8A-9943-A7A3461A78AB}.AppStore|iPhone.Deploy.0 = Release|Any CPU
		{C8E577F2-D164-4F8A-9943-A7A3461A78AB}.AppStore|iPhoneSimulator.ActiveCfg = Release|Any CPU
		{C8E577F2-D164-4F8A-9943-A7A3461A78AB}.AppStore|iPhoneSimulator.Build.0 = Release|Any CPU
		{C8E577F2-D164-4F8A-9943-A7A3461A78AB}.AppStore|iPhoneSimulator.Deploy.0 = Release|Any CPU
		{C8E577F2-D164-4F8A-9943-A7A3461A78AB}.Debug|Any CPU.ActiveCfg = Debug|Any CPU
		{C8E577F2-D164-4F8A-9943-A7A3461A78AB}.Debug|Any CPU.Build.0 = Debug|Any CPU
		{C8E577F2-D164-4F8A-9943-A7A3461A78AB}.Debug|Any CPU.Deploy.0 = Debug|Any CPU
		{C8E577F2-D164-4F8A-9943-A7A3461A78AB}.Debug|iPhone.ActiveCfg = Debug|Any CPU
		{C8E577F2-D164-4F8A-9943-A7A3461A78AB}.Debug|iPhone.Build.0 = Debug|Any CPU
		{C8E577F2-D164-4F8A-9943-A7A3461A78AB}.Debug|iPhone.Deploy.0 = Debug|Any CPU
		{C8E577F2-D164-4F8A-9943-A7A3461A78AB}.Debug|iPhoneSimulator.ActiveCfg = Debug|Any CPU
		{C8E577F2-D164-4F8A-9943-A7A3461A78AB}.Debug|iPhoneSimulator.Build.0 = Debug|Any CPU
		{C8E577F2-D164-4F8A-9943-A7A3461A78AB}.Debug|iPhoneSimulator.Deploy.0 = Debug|Any CPU
		{C8E577F2-D164-4F8A-9943-A7A3461A78AB}.Release|Any CPU.ActiveCfg = Release|Any CPU
		{C8E577F2-D164-4F8A-9943-A7A3461A78AB}.Release|Any CPU.Build.0 = Release|Any CPU
		{C8E577F2-D164-4F8A-9943-A7A3461A78AB}.Release|Any CPU.Deploy.0 = Release|Any CPU
		{C8E577F2-D164-4F8A-9943-A7A3461A78AB}.Release|iPhone.ActiveCfg = Release|Any CPU
		{C8E577F2-D164-4F8A-9943-A7A3461A78AB}.Release|iPhone.Build.0 = Release|Any CPU
		{C8E577F2-D164-4F8A-9943-A7A3461A78AB}.Release|iPhone.Deploy.0 = Release|Any CPU
		{C8E577F2-D164-4F8A-9943-A7A3461A78AB}.Release|iPhoneSimulator.ActiveCfg = Release|Any CPU
		{C8E577F2-D164-4F8A-9943-A7A3461A78AB}.Release|iPhoneSimulator.Build.0 = Release|Any CPU
		{C8E577F2-D164-4F8A-9943-A7A3461A78AB}.Release|iPhoneSimulator.Deploy.0 = Release|Any CPU
		{893C37F3-9369-4E6C-A359-88C9068BB95E}.Ad-Hoc|Any CPU.ActiveCfg = Release|Any CPU
		{893C37F3-9369-4E6C-A359-88C9068BB95E}.Ad-Hoc|Any CPU.Build.0 = Release|Any CPU
		{893C37F3-9369-4E6C-A359-88C9068BB95E}.Ad-Hoc|iPhone.ActiveCfg = Release|Any CPU
		{893C37F3-9369-4E6C-A359-88C9068BB95E}.Ad-Hoc|iPhone.Build.0 = Release|Any CPU
		{893C37F3-9369-4E6C-A359-88C9068BB95E}.Ad-Hoc|iPhoneSimulator.ActiveCfg = Release|Any CPU
		{893C37F3-9369-4E6C-A359-88C9068BB95E}.Ad-Hoc|iPhoneSimulator.Build.0 = Release|Any CPU
		{893C37F3-9369-4E6C-A359-88C9068BB95E}.AppStore|Any CPU.ActiveCfg = Release|Any CPU
		{893C37F3-9369-4E6C-A359-88C9068BB95E}.AppStore|Any CPU.Build.0 = Release|Any CPU
		{893C37F3-9369-4E6C-A359-88C9068BB95E}.AppStore|iPhone.ActiveCfg = Release|Any CPU
		{893C37F3-9369-4E6C-A359-88C9068BB95E}.AppStore|iPhone.Build.0 = Release|Any CPU
		{893C37F3-9369-4E6C-A359-88C9068BB95E}.AppStore|iPhoneSimulator.ActiveCfg = Release|Any CPU
		{893C37F3-9369-4E6C-A359-88C9068BB95E}.AppStore|iPhoneSimulator.Build.0 = Release|Any CPU
		{893C37F3-9369-4E6C-A359-88C9068BB95E}.Debug|Any CPU.ActiveCfg = Debug|Any CPU
		{893C37F3-9369-4E6C-A359-88C9068BB95E}.Debug|Any CPU.Build.0 = Debug|Any CPU
		{893C37F3-9369-4E6C-A359-88C9068BB95E}.Debug|iPhone.ActiveCfg = Debug|Any CPU
		{893C37F3-9369-4E6C-A359-88C9068BB95E}.Debug|iPhone.Build.0 = Debug|Any CPU
		{893C37F3-9369-4E6C-A359-88C9068BB95E}.Debug|iPhoneSimulator.ActiveCfg = Debug|Any CPU
		{893C37F3-9369-4E6C-A359-88C9068BB95E}.Debug|iPhoneSimulator.Build.0 = Debug|Any CPU
		{893C37F3-9369-4E6C-A359-88C9068BB95E}.Release|Any CPU.ActiveCfg = Release|Any CPU
		{893C37F3-9369-4E6C-A359-88C9068BB95E}.Release|Any CPU.Build.0 = Release|Any CPU
		{893C37F3-9369-4E6C-A359-88C9068BB95E}.Release|iPhone.ActiveCfg = Release|Any CPU
		{893C37F3-9369-4E6C-A359-88C9068BB95E}.Release|iPhone.Build.0 = Release|Any CPU
		{893C37F3-9369-4E6C-A359-88C9068BB95E}.Release|iPhoneSimulator.ActiveCfg = Release|Any CPU
		{893C37F3-9369-4E6C-A359-88C9068BB95E}.Release|iPhoneSimulator.Build.0 = Release|Any CPU
		{F7605B40-204B-4586-B31F-218569ABCC52}.Ad-Hoc|Any CPU.ActiveCfg = Ad-Hoc|iPhone
		{F7605B40-204B-4586-B31F-218569ABCC52}.Ad-Hoc|iPhone.ActiveCfg = Ad-Hoc|iPhone
		{F7605B40-204B-4586-B31F-218569ABCC52}.Ad-Hoc|iPhone.Build.0 = Ad-Hoc|iPhone
		{F7605B40-204B-4586-B31F-218569ABCC52}.Ad-Hoc|iPhoneSimulator.ActiveCfg = Ad-Hoc|iPhoneSimulator
		{F7605B40-204B-4586-B31F-218569ABCC52}.Ad-Hoc|iPhoneSimulator.Build.0 = Ad-Hoc|iPhoneSimulator
		{F7605B40-204B-4586-B31F-218569ABCC52}.AppStore|Any CPU.ActiveCfg = AppStore|iPhone
		{F7605B40-204B-4586-B31F-218569ABCC52}.AppStore|iPhone.ActiveCfg = AppStore|iPhone
		{F7605B40-204B-4586-B31F-218569ABCC52}.AppStore|iPhone.Build.0 = AppStore|iPhone
		{F7605B40-204B-4586-B31F-218569ABCC52}.AppStore|iPhoneSimulator.ActiveCfg = AppStore|iPhoneSimulator
		{F7605B40-204B-4586-B31F-218569ABCC52}.AppStore|iPhoneSimulator.Build.0 = AppStore|iPhoneSimulator
		{F7605B40-204B-4586-B31F-218569ABCC52}.Debug|Any CPU.ActiveCfg = Debug|iPhone
		{F7605B40-204B-4586-B31F-218569ABCC52}.Debug|iPhone.ActiveCfg = Debug|iPhone
		{F7605B40-204B-4586-B31F-218569ABCC52}.Debug|iPhone.Build.0 = Debug|iPhone
		{F7605B40-204B-4586-B31F-218569ABCC52}.Debug|iPhoneSimulator.ActiveCfg = Debug|iPhoneSimulator
		{F7605B40-204B-4586-B31F-218569ABCC52}.Debug|iPhoneSimulator.Build.0 = Debug|iPhoneSimulator
		{F7605B40-204B-4586-B31F-218569ABCC52}.Release|Any CPU.ActiveCfg = Release|iPhone
		{F7605B40-204B-4586-B31F-218569ABCC52}.Release|iPhone.ActiveCfg = Release|iPhone
		{F7605B40-204B-4586-B31F-218569ABCC52}.Release|iPhone.Build.0 = Release|iPhone
		{F7605B40-204B-4586-B31F-218569ABCC52}.Release|iPhoneSimulator.ActiveCfg = Release|iPhoneSimulator
		{F7605B40-204B-4586-B31F-218569ABCC52}.Release|iPhoneSimulator.Build.0 = Release|iPhoneSimulator
	EndGlobalSection
	GlobalSection(SolutionProperties) = preSolution
		HideSolutionNode = FALSE
	EndGlobalSection
EndGlobal
